
Microsoft Visual Studio Solution File, Format Version 12.00
# Visual Studio Version 16
VisualStudioVersion = 16.0.30621.155
MinimumVisualStudioVersion = 10.0.40219.1
Project("{FAE04EC0-301F-11D3-BF4B-00C04F79EFBC}") = "FlooringExercise", "FlooringExercise\FlooringExercise.csproj", "{11C2AB8F-4DEF-4337-8688-6EC54722C961}"
EndProject
Global
	GlobalSection(SolutionConfigurationPlatforms) = preSolution
		Debug|Any CPU = Debug|Any CPU
		Release|Any CPU = Release|Any CPU
	EndGlobalSection
	GlobalSection(ProjectConfigurationPlatforms) = postSolution
		{11C2AB8F-4DEF-4337-8688-6EC54722C961}.Debug|Any CPU.ActiveCfg = Debug|Any CPU
		{11C2AB8F-4DEF-4337-8688-6EC54722C961}.Debug|Any CPU.Build.0 = Debug|Any CPU
		{11C2AB8F-4DEF-4337-8688-6EC54722C961}.Release|Any CPU.ActiveCfg = Release|Any CPU
		{11C2AB8F-4DEF-4337-8688-6EC54722C961}.Release|Any CPU.Build.0 = Release|Any CPU
	EndGlobalSection
	GlobalSection(SolutionProperties) = preSolution
		HideSolutionNode = FALSE
	EndGlobalSection
	GlobalSection(ExtensibilityGlobals) = postSolution
		SolutionGuid = {5BB13C5F-6C2A-4236-8850-119F287AA659}
	EndGlobalSection
EndGlobal
